
Microsoft Visual Studio Solution File, Format Version 12.00
# Visual Studio Version 17
VisualStudioVersion = 17.11.35327.3
MinimumVisualStudioVersion = 10.0.40219.1
Project("{9A19103F-16F7-4668-BE54-9A1E7A4F7556}") = "Tptarjeta2", "Tptarjeta2.csproj", "{C2E23E19-55BB-47E2-B095-30317E6DA890}"
EndProject
Project("{9A19103F-16F7-4668-BE54-9A1E7A4F7556}") = "Tests", "..\PagarCon_Tests\Tests.csproj", "{DA4A36D1-BCA1-495A-9A85-F404CDDBBF7E}"
EndProject
Global
	GlobalSection(SolutionConfigurationPlatforms) = preSolution
		Debug|Any CPU = Debug|Any CPU
		Release|Any CPU = Release|Any CPU
	EndGlobalSection
	GlobalSection(ProjectConfigurationPlatforms) = postSolution
		{C2E23E19-55BB-47E2-B095-30317E6DA890}.Debug|Any CPU.ActiveCfg = Debug|Any CPU
		{C2E23E19-55BB-47E2-B095-30317E6DA890}.Debug|Any CPU.Build.0 = Debug|Any CPU
		{C2E23E19-55BB-47E2-B095-30317E6DA890}.Release|Any CPU.ActiveCfg = Release|Any CPU
		{C2E23E19-55BB-47E2-B095-30317E6DA890}.Release|Any CPU.Build.0 = Release|Any CPU
		{DA4A36D1-BCA1-495A-9A85-F404CDDBBF7E}.Debug|Any CPU.ActiveCfg = Debug|Any CPU
		{DA4A36D1-BCA1-495A-9A85-F404CDDBBF7E}.Debug|Any CPU.Build.0 = Debug|Any CPU
		{DA4A36D1-BCA1-495A-9A85-F404CDDBBF7E}.Release|Any CPU.ActiveCfg = Release|Any CPU
		{DA4A36D1-BCA1-495A-9A85-F404CDDBBF7E}.Release|Any CPU.Build.0 = Release|Any CPU
	EndGlobalSection
	GlobalSection(SolutionProperties) = preSolution
		HideSolutionNode = FALSE
	EndGlobalSection
	GlobalSection(ExtensibilityGlobals) = postSolution
		SolutionGuid = {C88A20E3-7D44-420C-B76C-6AAE49BE8627}
	EndGlobalSection
EndGlobal
